
Microsoft Visual Studio Solution File, Format Version 12.00
# Visual Studio Version 17
VisualStudioVersion = 17.0.31903.59
MinimumVisualStudioVersion = 10.0.40219.1
Project("{FAE04EC0-301F-11D3-BF4B-00C04F79EFBC}") = "INI_Viewer", "INI_Viewer\INI_Viewer.csproj", "{3069BE0A-FFA1-4566-AC7C-89C9CA8799F5}"
EndProject
Global
	GlobalSection(SolutionConfigurationPlatforms) = preSolution
		Debug|Any CPU = Debug|Any CPU
		Release|Any CPU = Release|Any CPU
	EndGlobalSection
	GlobalSection(ProjectConfigurationPlatforms) = postSolution
		{3069BE0A-FFA1-4566-AC7C-89C9CA8799F5}.Debug|Any CPU.ActiveCfg = Debug|Any CPU
		{3069BE0A-FFA1-4566-AC7C-89C9CA8799F5}.Debug|Any CPU.Build.0 = Debug|Any CPU
		{3069BE0A-FFA1-4566-AC7C-89C9CA8799F5}.Release|Any CPU.ActiveCfg = Release|Any CPU
		{3069BE0A-FFA1-4566-AC7C-89C9CA8799F5}.Release|Any CPU.Build.0 = Release|Any CPU
	EndGlobalSection
	GlobalSection(SolutionProperties) = preSolution
		HideSolutionNode = FALSE
	EndGlobalSection
	GlobalSection(ExtensibilityGlobals) = postSolution
		SolutionGuid = {4F121047-C67F-4C89-9D9C-9FBC3385B00D}
	EndGlobalSection
EndGlobal
